
Microsoft Visual Studio Solution File, Format Version 12.00
# Visual Studio Version 17
VisualStudioVersion = 17.8.34322.80
MinimumVisualStudioVersion = 10.0.40219.1
Project("{FAE04EC0-301F-11D3-BF4B-00C04F79EFBC}") = "Dictionary", "Dictionary\Dictionary.csproj", "{BEDA68F8-D15F-4DD3-A615-E4D96CD1C1B4}"
EndProject
Global
	GlobalSection(SolutionConfigurationPlatforms) = preSolution
		Debug|Any CPU = Debug|Any CPU
		Release|Any CPU = Release|Any CPU
	EndGlobalSection
	GlobalSection(ProjectConfigurationPlatforms) = postSolution
		{BEDA68F8-D15F-4DD3-A615-E4D96CD1C1B4}.Debug|Any CPU.ActiveCfg = Debug|Any CPU
		{BEDA68F8-D15F-4DD3-A615-E4D96CD1C1B4}.Debug|Any CPU.Build.0 = Debug|Any CPU
		{BEDA68F8-D15F-4DD3-A615-E4D96CD1C1B4}.Release|Any CPU.ActiveCfg = Release|Any CPU
		{BEDA68F8-D15F-4DD3-A615-E4D96CD1C1B4}.Release|Any CPU.Build.0 = Release|Any CPU
	EndGlobalSection
	GlobalSection(SolutionProperties) = preSolution
		HideSolutionNode = FALSE
	EndGlobalSection
	GlobalSection(ExtensibilityGlobals) = postSolution
		SolutionGuid = {2E3FC021-4A6E-4135-A824-85134D162118}
	EndGlobalSection
EndGlobal
